// !$*UTF8*$!
{
	archiveVersion = 1;
	classes = {
	};
	objectVersion = 56;
	objects = {

/* Begin PBXBuildFile section */
		52A5CE222BA6D65A00F2CFE7 /* AppDelegate.swift in Sources */ = {isa = PBXBuildFile; fileRef = 52A5CE212BA6D65A00F2CFE7 /* AppDelegate.swift */; };
		52A5CE242BA6D65A00F2CFE7 /* SceneDelegate.swift in Sources */ = {isa = PBXBuildFile; fileRef = 52A5CE232BA6D65A00F2CFE7 /* SceneDelegate.swift */; };
		52A5CE2B2BA6D65C00F2CFE7 /* Assets.xcassets in Resources */ = {isa = PBXBuildFile; fileRef = 52A5CE2A2BA6D65C00F2CFE7 /* Assets.xcassets */; };
		52A5CE2E2BA6D65C00F2CFE7 /* LaunchScreen.storyboard in Resources */ = {isa = PBXBuildFile; fileRef = 52A5CE2C2BA6D65C00F2CFE7 /* LaunchScreen.storyboard */; };
		52A5CE392BA6D65C00F2CFE7 /* AppAsincronismoDiegoTests.swift in Sources */ = {isa = PBXBuildFile; fileRef = 52A5CE382BA6D65C00F2CFE7 /* AppAsincronismoDiegoTests.swift */; };
		52A5CE632BA6E7DE00F2CFE7 /* LoginViewController.swift in Sources */ = {isa = PBXBuildFile; fileRef = 52A5CE612BA6E7DE00F2CFE7 /* LoginViewController.swift */; };
		52A5CE662BA6E9C300F2CFE7 /* LoginView.swift in Sources */ = {isa = PBXBuildFile; fileRef = 52A5CE652BA6E9C300F2CFE7 /* LoginView.swift */; };
		52A5CE6C2BA76EDD00F2CFE7 /* AppState.swift in Sources */ = {isa = PBXBuildFile; fileRef = 52A5CE6B2BA76EDD00F2CFE7 /* AppState.swift */; };
		52A5CE6E2BA7743500F2CFE7 /*  LoginUseCase.swift in Sources */ = {isa = PBXBuildFile; fileRef = 52A5CE6D2BA7743500F2CFE7 /*  LoginUseCase.swift */; };
		52A5CE702BA77B2B00F2CFE7 /* LoginRepositoryProtocol.swift in Sources */ = {isa = PBXBuildFile; fileRef = 52A5CE6F2BA77B2B00F2CFE7 /* LoginRepositoryProtocol.swift */; };
		52A5CE732BA77C1E00F2CFE7 /* Endpoints.swift in Sources */ = {isa = PBXBuildFile; fileRef = 52A5CE722BA77C1E00F2CFE7 /* Endpoints.swift */; };
		52A5CE752BA77C5100F2CFE7 /* HTTPResponseCodes.swift in Sources */ = {isa = PBXBuildFile; fileRef = 52A5CE742BA77C5100F2CFE7 /* HTTPResponseCodes.swift */; };
		52A5CE772BA77CB000F2CFE7 /* HTTPMethods.swift in Sources */ = {isa = PBXBuildFile; fileRef = 52A5CE762BA77CB000F2CFE7 /* HTTPMethods.swift */; };
		52A5CE792BA77F4600F2CFE7 /* ConstantsApp.swift in Sources */ = {isa = PBXBuildFile; fileRef = 52A5CE782BA77F4600F2CFE7 /* ConstantsApp.swift */; };
		52A5CE7B2BA7800500F2CFE7 /* NetworkLogin.swift in Sources */ = {isa = PBXBuildFile; fileRef = 52A5CE7A2BA7800500F2CFE7 /* NetworkLogin.swift */; };
		52A5CE7D2BA8BD0700F2CFE7 /* LoginRepository.swift in Sources */ = {isa = PBXBuildFile; fileRef = 52A5CE7C2BA8BD0700F2CFE7 /* LoginRepository.swift */; };
		52A5CE802BA8BF4500F2CFE7 /* KcLibraryswift in Frameworks */ = {isa = PBXBuildFile; productRef = 52A5CE7F2BA8BF4500F2CFE7 /* KcLibraryswift */; };
		52A5CE832BA8C73D00F2CFE7 /* CombineCocoa in Frameworks */ = {isa = PBXBuildFile; productRef = 52A5CE822BA8C73D00F2CFE7 /* CombineCocoa */; };
		52A5CE8A2BA8D02E00F2CFE7 /* ErrorViewController.swift in Sources */ = {isa = PBXBuildFile; fileRef = 52A5CE882BA8D02E00F2CFE7 /* ErrorViewController.swift */; };
		52A5CE8B2BA8D02E00F2CFE7 /* ErrorViewController.xib in Resources */ = {isa = PBXBuildFile; fileRef = 52A5CE892BA8D02E00F2CFE7 /* ErrorViewController.xib */; };
		52A5CE902BA9001600F2CFE7 /* HerosModel.swift in Sources */ = {isa = PBXBuildFile; fileRef = 52A5CE8F2BA9001600F2CFE7 /* HerosModel.swift */; };
		52A5CE922BA900D000F2CFE7 /* HerosRepositoryProtocol.swift in Sources */ = {isa = PBXBuildFile; fileRef = 52A5CE912BA900D000F2CFE7 /* HerosRepositoryProtocol.swift */; };
		52A5CE942BA9019200F2CFE7 /* NetworkHeros.swift in Sources */ = {isa = PBXBuildFile; fileRef = 52A5CE932BA9019200F2CFE7 /* NetworkHeros.swift */; };
		52A5CE962BAA162C00F2CFE7 /* HerosRepository.swift in Sources */ = {isa = PBXBuildFile; fileRef = 52A5CE952BAA162C00F2CFE7 /* HerosRepository.swift */; };
		52A5CE992BAA1A5600F2CFE7 /* HeroUseCase.swift in Sources */ = {isa = PBXBuildFile; fileRef = 52A5CE982BAA1A5600F2CFE7 /* HeroUseCase.swift */; };
		52A5CE9B2BAA1BE100F2CFE7 /* HerosViewModel.swift in Sources */ = {isa = PBXBuildFile; fileRef = 52A5CE9A2BAA1BE100F2CFE7 /* HerosViewModel.swift */; };
		52A5CEA62BAA286900F2CFE7 /*  UIImageView+extension.swift in Sources */ = {isa = PBXBuildFile; fileRef = 52A5CEA52BAA286900F2CFE7 /*  UIImageView+extension.swift */; };
		52A5CEB52BAB39E400F2CFE7 /* TransformationModel.swift in Sources */ = {isa = PBXBuildFile; fileRef = 52A5CEB42BAB39E400F2CFE7 /* TransformationModel.swift */; };
		52A5CEB72BAB3B1B00F2CFE7 /* TransforRepositoryProtocol.swift in Sources */ = {isa = PBXBuildFile; fileRef = 52A5CEB62BAB3B1B00F2CFE7 /* TransforRepositoryProtocol.swift */; };
		52A5CEB92BAB69E200F2CFE7 /* NetworkTransfor.swift in Sources */ = {isa = PBXBuildFile; fileRef = 52A5CEB82BAB69E200F2CFE7 /* NetworkTransfor.swift */; };
		52A5CEBB2BAB6FD600F2CFE7 /* TransforRepository.swift in Sources */ = {isa = PBXBuildFile; fileRef = 52A5CEBA2BAB6FD600F2CFE7 /* TransforRepository.swift */; };
		52A5CEBD2BAB715800F2CFE7 /* TransforUseCase.swift in Sources */ = {isa = PBXBuildFile; fileRef = 52A5CEBC2BAB715800F2CFE7 /* TransforUseCase.swift */; };
		52A5CEBF2BAB732200F2CFE7 /* TransforViewModel.swift in Sources */ = {isa = PBXBuildFile; fileRef = 52A5CEBE2BAB732200F2CFE7 /* TransforViewModel.swift */; };
		52A5CEC82BAB771400F2CFE7 /* TransforTableViewCell.swift in Sources */ = {isa = PBXBuildFile; fileRef = 52A5CEC62BAB771400F2CFE7 /* TransforTableViewCell.swift */; };
		52A5CEC92BAB771400F2CFE7 /* TransforTableViewCell.xib in Resources */ = {isa = PBXBuildFile; fileRef = 52A5CEC72BAB771400F2CFE7 /* TransforTableViewCell.xib */; };
		52A5CED22BACC5E800F2CFE7 /* CellCustomCollectionViewCell.swift in Sources */ = {isa = PBXBuildFile; fileRef = 52A5CED02BACC5E800F2CFE7 /* CellCustomCollectionViewCell.swift */; };
		52A5CED32BACC5E800F2CFE7 /* CellCustomCollectionViewCell.xib in Resources */ = {isa = PBXBuildFile; fileRef = 52A5CED12BACC5E800F2CFE7 /* CellCustomCollectionViewCell.xib */; };
		52A5CED62BACC6BC00F2CFE7 /* HeroViewController.swift in Sources */ = {isa = PBXBuildFile; fileRef = 52A5CED42BACC6BC00F2CFE7 /* HeroViewController.swift */; };
		52A5CED72BACC6BC00F2CFE7 /* HeroViewController.xib in Resources */ = {isa = PBXBuildFile; fileRef = 52A5CED52BACC6BC00F2CFE7 /* HeroViewController.xib */; };
		52A5CEDA2BACE3C200F2CFE7 /* TransforViewController.swift in Sources */ = {isa = PBXBuildFile; fileRef = 52A5CED82BACE3C200F2CFE7 /* TransforViewController.swift */; };
		52A5CEDB2BACE3C200F2CFE7 /* TransforViewController.xib in Resources */ = {isa = PBXBuildFile; fileRef = 52A5CED92BACE3C200F2CFE7 /* TransforViewController.xib */; };
/* End PBXBuildFile section */

/* Begin PBXContainerItemProxy section */
		52A5CE352BA6D65C00F2CFE7 /* PBXContainerItemProxy */ = {
			isa = PBXContainerItemProxy;
			containerPortal = 52A5CE162BA6D65A00F2CFE7 /* Project object */;
			proxyType = 1;
			remoteGlobalIDString = 52A5CE1D2BA6D65A00F2CFE7;
			remoteInfo = AppAsincronismoDiego;
		};
/* End PBXContainerItemProxy section */

/* Begin PBXFileReference section */
		52A5CE1E2BA6D65A00F2CFE7 /* AppAsincronismoDiego.app */ = {isa = PBXFileReference; explicitFileType = wrapper.application; includeInIndex = 0; path = AppAsincronismoDiego.app; sourceTree = BUILT_PRODUCTS_DIR; };
		52A5CE212BA6D65A00F2CFE7 /* AppDelegate.swift */ = {isa = PBXFileReference; lastKnownFileType = sourcecode.swift; path = AppDelegate.swift; sourceTree = "<group>"; };
		52A5CE232BA6D65A00F2CFE7 /* SceneDelegate.swift */ = {isa = PBXFileReference; lastKnownFileType = sourcecode.swift; path = SceneDelegate.swift; sourceTree = "<group>"; };
		52A5CE2A2BA6D65C00F2CFE7 /* Assets.xcassets */ = {isa = PBXFileReference; lastKnownFileType = folder.assetcatalog; path = Assets.xcassets; sourceTree = "<group>"; };
		52A5CE2D2BA6D65C00F2CFE7 /* Base */ = {isa = PBXFileReference; lastKnownFileType = file.storyboard; name = Base; path = Base.lproj/LaunchScreen.storyboard; sourceTree = "<group>"; };
		52A5CE2F2BA6D65C00F2CFE7 /* Info.plist */ = {isa = PBXFileReference; lastKnownFileType = text.plist.xml; path = Info.plist; sourceTree = "<group>"; };
		52A5CE342BA6D65C00F2CFE7 /* AppAsincronismoDiegoTests.xctest */ = {isa = PBXFileReference; explicitFileType = wrapper.cfbundle; includeInIndex = 0; path = AppAsincronismoDiegoTests.xctest; sourceTree = BUILT_PRODUCTS_DIR; };
		52A5CE382BA6D65C00F2CFE7 /* AppAsincronismoDiegoTests.swift */ = {isa = PBXFileReference; lastKnownFileType = sourcecode.swift; path = AppAsincronismoDiegoTests.swift; sourceTree = "<group>"; };
		52A5CE612BA6E7DE00F2CFE7 /* LoginViewController.swift */ = {isa = PBXFileReference; lastKnownFileType = sourcecode.swift; path = LoginViewController.swift; sourceTree = "<group>"; };
		52A5CE652BA6E9C300F2CFE7 /* LoginView.swift */ = {isa = PBXFileReference; lastKnownFileType = sourcecode.swift; path = LoginView.swift; sourceTree = "<group>"; };
		52A5CE6B2BA76EDD00F2CFE7 /* AppState.swift */ = {isa = PBXFileReference; lastKnownFileType = sourcecode.swift; path = AppState.swift; sourceTree = "<group>"; };
		52A5CE6D2BA7743500F2CFE7 /*  LoginUseCase.swift */ = {isa = PBXFileReference; lastKnownFileType = sourcecode.swift; path = " LoginUseCase.swift"; sourceTree = "<group>"; };
		52A5CE6F2BA77B2B00F2CFE7 /* LoginRepositoryProtocol.swift */ = {isa = PBXFileReference; lastKnownFileType = sourcecode.swift; path = LoginRepositoryProtocol.swift; sourceTree = "<group>"; };
		52A5CE722BA77C1E00F2CFE7 /* Endpoints.swift */ = {isa = PBXFileReference; lastKnownFileType = sourcecode.swift; path = Endpoints.swift; sourceTree = "<group>"; };
		52A5CE742BA77C5100F2CFE7 /* HTTPResponseCodes.swift */ = {isa = PBXFileReference; lastKnownFileType = sourcecode.swift; path = HTTPResponseCodes.swift; sourceTree = "<group>"; };
		52A5CE762BA77CB000F2CFE7 /* HTTPMethods.swift */ = {isa = PBXFileReference; lastKnownFileType = sourcecode.swift; path = HTTPMethods.swift; sourceTree = "<group>"; };
		52A5CE782BA77F4600F2CFE7 /* ConstantsApp.swift */ = {isa = PBXFileReference; lastKnownFileType = sourcecode.swift; path = ConstantsApp.swift; sourceTree = "<group>"; };
		52A5CE7A2BA7800500F2CFE7 /* NetworkLogin.swift */ = {isa = PBXFileReference; lastKnownFileType = sourcecode.swift; path = NetworkLogin.swift; sourceTree = "<group>"; };
		52A5CE7C2BA8BD0700F2CFE7 /* LoginRepository.swift */ = {isa = PBXFileReference; lastKnownFileType = sourcecode.swift; path = LoginRepository.swift; sourceTree = "<group>"; };
		52A5CE882BA8D02E00F2CFE7 /* ErrorViewController.swift */ = {isa = PBXFileReference; lastKnownFileType = sourcecode.swift; path = ErrorViewController.swift; sourceTree = "<group>"; };
		52A5CE892BA8D02E00F2CFE7 /* ErrorViewController.xib */ = {isa = PBXFileReference; lastKnownFileType = file.xib; path = ErrorViewController.xib; sourceTree = "<group>"; };
		52A5CE8C2BA8D5A900F2CFE7 /* es */ = {isa = PBXFileReference; lastKnownFileType = text.plist.strings; name = es; path = es.lproj/LaunchScreen.strings; sourceTree = "<group>"; };
		52A5CE8F2BA9001600F2CFE7 /* HerosModel.swift */ = {isa = PBXFileReference; lastKnownFileType = sourcecode.swift; path = HerosModel.swift; sourceTree = "<group>"; };
		52A5CE912BA900D000F2CFE7 /* HerosRepositoryProtocol.swift */ = {isa = PBXFileReference; lastKnownFileType = sourcecode.swift; path = HerosRepositoryProtocol.swift; sourceTree = "<group>"; };
		52A5CE932BA9019200F2CFE7 /* NetworkHeros.swift */ = {isa = PBXFileReference; lastKnownFileType = sourcecode.swift; path = NetworkHeros.swift; sourceTree = "<group>"; };
		52A5CE952BAA162C00F2CFE7 /* HerosRepository.swift */ = {isa = PBXFileReference; lastKnownFileType = sourcecode.swift; path = HerosRepository.swift; sourceTree = "<group>"; };
		52A5CE982BAA1A5600F2CFE7 /* HeroUseCase.swift */ = {isa = PBXFileReference; lastKnownFileType = sourcecode.swift; path = HeroUseCase.swift; sourceTree = "<group>"; };
		52A5CE9A2BAA1BE100F2CFE7 /* HerosViewModel.swift */ = {isa = PBXFileReference; lastKnownFileType = sourcecode.swift; path = HerosViewModel.swift; sourceTree = "<group>"; };
		52A5CEA52BAA286900F2CFE7 /*  UIImageView+extension.swift */ = {isa = PBXFileReference; lastKnownFileType = sourcecode.swift; path = " UIImageView+extension.swift"; sourceTree = "<group>"; };
		52A5CEB42BAB39E400F2CFE7 /* TransformationModel.swift */ = {isa = PBXFileReference; lastKnownFileType = sourcecode.swift; path = TransformationModel.swift; sourceTree = "<group>"; };
		52A5CEB62BAB3B1B00F2CFE7 /* TransforRepositoryProtocol.swift */ = {isa = PBXFileReference; lastKnownFileType = sourcecode.swift; path = TransforRepositoryProtocol.swift; sourceTree = "<group>"; };
		52A5CEB82BAB69E200F2CFE7 /* NetworkTransfor.swift */ = {isa = PBXFileReference; lastKnownFileType = sourcecode.swift; path = NetworkTransfor.swift; sourceTree = "<group>"; };
		52A5CEBA2BAB6FD600F2CFE7 /* TransforRepository.swift */ = {isa = PBXFileReference; lastKnownFileType = sourcecode.swift; path = TransforRepository.swift; sourceTree = "<group>"; };
		52A5CEBC2BAB715800F2CFE7 /* TransforUseCase.swift */ = {isa = PBXFileReference; lastKnownFileType = sourcecode.swift; path = TransforUseCase.swift; sourceTree = "<group>"; };
		52A5CEBE2BAB732200F2CFE7 /* TransforViewModel.swift */ = {isa = PBXFileReference; lastKnownFileType = sourcecode.swift; path = TransforViewModel.swift; sourceTree = "<group>"; };
		52A5CEC62BAB771400F2CFE7 /* TransforTableViewCell.swift */ = {isa = PBXFileReference; lastKnownFileType = sourcecode.swift; path = TransforTableViewCell.swift; sourceTree = "<group>"; };
		52A5CEC72BAB771400F2CFE7 /* TransforTableViewCell.xib */ = {isa = PBXFileReference; lastKnownFileType = file.xib; path = TransforTableViewCell.xib; sourceTree = "<group>"; };
		52A5CED02BACC5E800F2CFE7 /* CellCustomCollectionViewCell.swift */ = {isa = PBXFileReference; lastKnownFileType = sourcecode.swift; path = CellCustomCollectionViewCell.swift; sourceTree = "<group>"; };
		52A5CED12BACC5E800F2CFE7 /* CellCustomCollectionViewCell.xib */ = {isa = PBXFileReference; lastKnownFileType = file.xib; path = CellCustomCollectionViewCell.xib; sourceTree = "<group>"; };
		52A5CED42BACC6BC00F2CFE7 /* HeroViewController.swift */ = {isa = PBXFileReference; lastKnownFileType = sourcecode.swift; path = HeroViewController.swift; sourceTree = "<group>"; };
		52A5CED52BACC6BC00F2CFE7 /* HeroViewController.xib */ = {isa = PBXFileReference; lastKnownFileType = file.xib; path = HeroViewController.xib; sourceTree = "<group>"; };
		52A5CED82BACE3C200F2CFE7 /* TransforViewController.swift */ = {isa = PBXFileReference; lastKnownFileType = sourcecode.swift; path = TransforViewController.swift; sourceTree = "<group>"; };
		52A5CED92BACE3C200F2CFE7 /* TransforViewController.xib */ = {isa = PBXFileReference; lastKnownFileType = file.xib; path = TransforViewController.xib; sourceTree = "<group>"; };
/* End PBXFileReference section */

/* Begin PBXFrameworksBuildPhase section */
		52A5CE1B2BA6D65A00F2CFE7 /* Frameworks */ = {
			isa = PBXFrameworksBuildPhase;
			buildActionMask = 2147483647;
			files = (
				52A5CE832BA8C73D00F2CFE7 /* CombineCocoa in Frameworks */,
				52A5CE802BA8BF4500F2CFE7 /* KcLibraryswift in Frameworks */,
			);
			runOnlyForDeploymentPostprocessing = 0;
		};
		52A5CE312BA6D65C00F2CFE7 /* Frameworks */ = {
			isa = PBXFrameworksBuildPhase;
			buildActionMask = 2147483647;
			files = (
			);
			runOnlyForDeploymentPostprocessing = 0;
		};
/* End PBXFrameworksBuildPhase section */

/* Begin PBXGroup section */
		52A5CE152BA6D65A00F2CFE7 = {
			isa = PBXGroup;
			children = (
				52A5CE202BA6D65A00F2CFE7 /* AppAsincronismoDiego */,
				52A5CE372BA6D65C00F2CFE7 /* AppAsincronismoDiegoTests */,
				52A5CE1F2BA6D65A00F2CFE7 /* Products */,
			);
			sourceTree = "<group>";
		};
		52A5CE1F2BA6D65A00F2CFE7 /* Products */ = {
			isa = PBXGroup;
			children = (
				52A5CE1E2BA6D65A00F2CFE7 /* AppAsincronismoDiego.app */,
				52A5CE342BA6D65C00F2CFE7 /* AppAsincronismoDiegoTests.xctest */,
			);
			name = Products;
			sourceTree = "<group>";
		};
		52A5CE202BA6D65A00F2CFE7 /* AppAsincronismoDiego */ = {
			isa = PBXGroup;
			children = (
				52A5CE512BA6E3D300F2CFE7 /* Presentation */,
				52A5CE572BA6E45500F2CFE7 /* Domain */,
				52A5CE5D2BA6E4B300F2CFE7 /* Data */,
				52A5CE212BA6D65A00F2CFE7 /* AppDelegate.swift */,
				52A5CE232BA6D65A00F2CFE7 /* SceneDelegate.swift */,
				52A5CE2A2BA6D65C00F2CFE7 /* Assets.xcassets */,
				52A5CE2C2BA6D65C00F2CFE7 /* LaunchScreen.storyboard */,
				52A5CE2F2BA6D65C00F2CFE7 /* Info.plist */,
			);
			path = AppAsincronismoDiego;
			sourceTree = "<group>";
		};
		52A5CE372BA6D65C00F2CFE7 /* AppAsincronismoDiegoTests */ = {
			isa = PBXGroup;
			children = (
				52A5CE382BA6D65C00F2CFE7 /* AppAsincronismoDiegoTests.swift */,
			);
			path = AppAsincronismoDiegoTests;
			sourceTree = "<group>";
		};
		52A5CE512BA6E3D300F2CFE7 /* Presentation */ = {
			isa = PBXGroup;
			children = (
				52A5CE532BA6E3E700F2CFE7 /* ViewModels */,
				52A5CE522BA6E3DC00F2CFE7 /* Views */,
			);
			path = Presentation;
			sourceTree = "<group>";
		};
		52A5CE522BA6E3DC00F2CFE7 /* Views */ = {
			isa = PBXGroup;
			children = (
				52A5CEC02BAB765600F2CFE7 /* Transformation */,
				52A5CE562BA6E42D00F2CFE7 /* Error */,
				52A5CE552BA6E42600F2CFE7 /* Home */,
				52A5CE542BA6E42000F2CFE7 /* Login */,
			);
			path = Views;
			sourceTree = "<group>";
		};
		52A5CE532BA6E3E700F2CFE7 /* ViewModels */ = {
			isa = PBXGroup;
			children = (
				52A5CE6B2BA76EDD00F2CFE7 /* AppState.swift */,
				52A5CE9A2BAA1BE100F2CFE7 /* HerosViewModel.swift */,
				52A5CEBE2BAB732200F2CFE7 /* TransforViewModel.swift */,
			);
			path = ViewModels;
			sourceTree = "<group>";
		};
		52A5CE542BA6E42000F2CFE7 /* Login */ = {
			isa = PBXGroup;
			children = (
				52A5CE612BA6E7DE00F2CFE7 /* LoginViewController.swift */,
				52A5CE652BA6E9C300F2CFE7 /* LoginView.swift */,
			);
			path = Login;
			sourceTree = "<group>";
		};
		52A5CE552BA6E42600F2CFE7 /* Home */ = {
			isa = PBXGroup;
			children = (
				52A5CECF2BACC5C300F2CFE7 /* Cell */,
				52A5CED42BACC6BC00F2CFE7 /* HeroViewController.swift */,
				52A5CED52BACC6BC00F2CFE7 /* HeroViewController.xib */,
			);
			path = Home;
			sourceTree = "<group>";
		};
		52A5CE562BA6E42D00F2CFE7 /* Error */ = {
			isa = PBXGroup;
			children = (
				52A5CE882BA8D02E00F2CFE7 /* ErrorViewController.swift */,
				52A5CE892BA8D02E00F2CFE7 /* ErrorViewController.xib */,
			);
			path = Error;
			sourceTree = "<group>";
		};
		52A5CE572BA6E45500F2CFE7 /* Domain */ = {
			isa = PBXGroup;
			children = (
				52A5CE5C2BA6E4A600F2CFE7 /* Tools */,
				52A5CE5B2BA6E49800F2CFE7 /* Extensions */,
				52A5CE5A2BA6E48C00F2CFE7 /* Entities */,
				52A5CE592BA6E48500F2CFE7 /* UseCase */,
				52A5CE582BA6E45B00F2CFE7 /* Protocols */,
			);
			path = Domain;
			sourceTree = "<group>";
		};
		52A5CE582BA6E45B00F2CFE7 /* Protocols */ = {
			isa = PBXGroup;
			children = (
				52A5CE6F2BA77B2B00F2CFE7 /* LoginRepositoryProtocol.swift */,
				52A5CE912BA900D000F2CFE7 /* HerosRepositoryProtocol.swift */,
				52A5CEB62BAB3B1B00F2CFE7 /* TransforRepositoryProtocol.swift */,
			);
			path = Protocols;
			sourceTree = "<group>";
		};
		52A5CE592BA6E48500F2CFE7 /* UseCase */ = {
			isa = PBXGroup;
			children = (
				52A5CE6D2BA7743500F2CFE7 /*  LoginUseCase.swift */,
				52A5CE982BAA1A5600F2CFE7 /* HeroUseCase.swift */,
				52A5CEBC2BAB715800F2CFE7 /* TransforUseCase.swift */,
			);
			path = UseCase;
			sourceTree = "<group>";
		};
		52A5CE5A2BA6E48C00F2CFE7 /* Entities */ = {
			isa = PBXGroup;
			children = (
				52A5CE8F2BA9001600F2CFE7 /* HerosModel.swift */,
				52A5CEB42BAB39E400F2CFE7 /* TransformationModel.swift */,
			);
			path = Entities;
			sourceTree = "<group>";
		};
		52A5CE5B2BA6E49800F2CFE7 /* Extensions */ = {
			isa = PBXGroup;
			children = (
				52A5CEA52BAA286900F2CFE7 /*  UIImageView+extension.swift */,
			);
			path = Extensions;
			sourceTree = "<group>";
		};
		52A5CE5C2BA6E4A600F2CFE7 /* Tools */ = {
			isa = PBXGroup;
			children = (
				52A5CE782BA77F4600F2CFE7 /* ConstantsApp.swift */,
			);
			path = Tools;
			sourceTree = "<group>";
		};
		52A5CE5D2BA6E4B300F2CFE7 /* Data */ = {
			isa = PBXGroup;
			children = (
				52A5CE602BA6E4D100F2CFE7 /* Repositories */,
				52A5CE5F2BA6E4C400F2CFE7 /* Network */,
				52A5CE5E2BA6E4B800F2CFE7 /* Local */,
			);
			path = Data;
			sourceTree = "<group>";
		};
		52A5CE5E2BA6E4B800F2CFE7 /* Local */ = {
			isa = PBXGroup;
			children = (
			);
			path = Local;
			sourceTree = "<group>";
		};
		52A5CE5F2BA6E4C400F2CFE7 /* Network */ = {
			isa = PBXGroup;
			children = (
				52A5CE712BA77C0100F2CFE7 /* BaseNetwork */,
				52A5CE7A2BA7800500F2CFE7 /* NetworkLogin.swift */,
				52A5CE932BA9019200F2CFE7 /* NetworkHeros.swift */,
				52A5CEB82BAB69E200F2CFE7 /* NetworkTransfor.swift */,
			);
			path = Network;
			sourceTree = "<group>";
		};
		52A5CE602BA6E4D100F2CFE7 /* Repositories */ = {
			isa = PBXGroup;
			children = (
				52A5CE7C2BA8BD0700F2CFE7 /* LoginRepository.swift */,
				52A5CE952BAA162C00F2CFE7 /* HerosRepository.swift */,
				52A5CEBA2BAB6FD600F2CFE7 /* TransforRepository.swift */,
			);
			path = Repositories;
			sourceTree = "<group>";
		};
		52A5CE712BA77C0100F2CFE7 /* BaseNetwork */ = {
			isa = PBXGroup;
			children = (
				52A5CE722BA77C1E00F2CFE7 /* Endpoints.swift */,
				52A5CE742BA77C5100F2CFE7 /* HTTPResponseCodes.swift */,
				52A5CE762BA77CB000F2CFE7 /* HTTPMethods.swift */,
			);
			path = BaseNetwork;
			sourceTree = "<group>";
		};
		52A5CEC02BAB765600F2CFE7 /* Transformation */ = {
			isa = PBXGroup;
			children = (
				52A5CEC52BAB76F300F2CFE7 /* Cell */,
				52A5CED82BACE3C200F2CFE7 /* TransforViewController.swift */,
				52A5CED92BACE3C200F2CFE7 /* TransforViewController.xib */,
			);
			path = Transformation;
			sourceTree = "<group>";
		};
		52A5CEC52BAB76F300F2CFE7 /* Cell */ = {
			isa = PBXGroup;
			children = (
				52A5CEC62BAB771400F2CFE7 /* TransforTableViewCell.swift */,
				52A5CEC72BAB771400F2CFE7 /* TransforTableViewCell.xib */,
			);
			path = Cell;
			sourceTree = "<group>";
		};
		52A5CECF2BACC5C300F2CFE7 /* Cell */ = {
			isa = PBXGroup;
			children = (
				52A5CED02BACC5E800F2CFE7 /* CellCustomCollectionViewCell.swift */,
				52A5CED12BACC5E800F2CFE7 /* CellCustomCollectionViewCell.xib */,
			);
			path = Cell;
			sourceTree = "<group>";
		};
/* End PBXGroup section */

/* Begin PBXNativeTarget section */
		52A5CE1D2BA6D65A00F2CFE7 /* AppAsincronismoDiego */ = {
			isa = PBXNativeTarget;
			buildConfigurationList = 52A5CE482BA6D65C00F2CFE7 /* Build configuration list for PBXNativeTarget "AppAsincronismoDiego" */;
			buildPhases = (
				52A5CE1A2BA6D65A00F2CFE7 /* Sources */,
				52A5CE1B2BA6D65A00F2CFE7 /* Frameworks */,
				52A5CE1C2BA6D65A00F2CFE7 /* Resources */,
			);
			buildRules = (
			);
			dependencies = (
			);
			name = AppAsincronismoDiego;
			packageProductDependencies = (
				52A5CE7F2BA8BF4500F2CFE7 /* KcLibraryswift */,
				52A5CE822BA8C73D00F2CFE7 /* CombineCocoa */,
			);
			productName = AppAsincronismoDiego;
			productReference = 52A5CE1E2BA6D65A00F2CFE7 /* AppAsincronismoDiego.app */;
			productType = "com.apple.product-type.application";
		};
		52A5CE332BA6D65C00F2CFE7 /* AppAsincronismoDiegoTests */ = {
			isa = PBXNativeTarget;
			buildConfigurationList = 52A5CE4B2BA6D65C00F2CFE7 /* Build configuration list for PBXNativeTarget "AppAsincronismoDiegoTests" */;
			buildPhases = (
				52A5CE302BA6D65C00F2CFE7 /* Sources */,
				52A5CE312BA6D65C00F2CFE7 /* Frameworks */,
				52A5CE322BA6D65C00F2CFE7 /* Resources */,
			);
			buildRules = (
			);
			dependencies = (
				52A5CE362BA6D65C00F2CFE7 /* PBXTargetDependency */,
			);
			name = AppAsincronismoDiegoTests;
			productName = AppAsincronismoDiegoTests;
			productReference = 52A5CE342BA6D65C00F2CFE7 /* AppAsincronismoDiegoTests.xctest */;
			productType = "com.apple.product-type.bundle.unit-test";
		};
/* End PBXNativeTarget section */

/* Begin PBXProject section */
		52A5CE162BA6D65A00F2CFE7 /* Project object */ = {
			isa = PBXProject;
			attributes = {
				BuildIndependentTargetsInParallel = 1;
				LastSwiftUpdateCheck = 1520;
				LastUpgradeCheck = 1520;
				TargetAttributes = {
					52A5CE1D2BA6D65A00F2CFE7 = {
						CreatedOnToolsVersion = 15.2;
					};
					52A5CE332BA6D65C00F2CFE7 = {
						CreatedOnToolsVersion = 15.2;
						TestTargetID = 52A5CE1D2BA6D65A00F2CFE7;
					};
				};
			};
			buildConfigurationList = 52A5CE192BA6D65A00F2CFE7 /* Build configuration list for PBXProject "AppAsincronismoDiego" */;
			compatibilityVersion = "Xcode 14.0";
			developmentRegion = en;
			hasScannedForEncodings = 0;
			knownRegions = (
				en,
				Base,
				es,
			);
			mainGroup = 52A5CE152BA6D65A00F2CFE7;
			packageReferences = (
				52A5CE7E2BA8BF4500F2CFE7 /* XCRemoteSwiftPackageReference "KcLibraryswift" */,
				52A5CE812BA8C73D00F2CFE7 /* XCRemoteSwiftPackageReference "CombineCocoa" */,
			);
			productRefGroup = 52A5CE1F2BA6D65A00F2CFE7 /* Products */;
			projectDirPath = "";
			projectRoot = "";
			targets = (
				52A5CE1D2BA6D65A00F2CFE7 /* AppAsincronismoDiego */,
				52A5CE332BA6D65C00F2CFE7 /* AppAsincronismoDiegoTests */,
			);
		};
/* End PBXProject section */

/* Begin PBXResourcesBuildPhase section */
		52A5CE1C2BA6D65A00F2CFE7 /* Resources */ = {
			isa = PBXResourcesBuildPhase;
			buildActionMask = 2147483647;
			files = (
				52A5CEC92BAB771400F2CFE7 /* TransforTableViewCell.xib in Resources */,
				52A5CE2E2BA6D65C00F2CFE7 /* LaunchScreen.storyboard in Resources */,
				52A5CE8B2BA8D02E00F2CFE7 /* ErrorViewController.xib in Resources */,
				52A5CED72BACC6BC00F2CFE7 /* HeroViewController.xib in Resources */,
				52A5CEDB2BACE3C200F2CFE7 /* TransforViewController.xib in Resources */,
				52A5CED32BACC5E800F2CFE7 /* CellCustomCollectionViewCell.xib in Resources */,
				52A5CE2B2BA6D65C00F2CFE7 /* Assets.xcassets in Resources */,
			);
			runOnlyForDeploymentPostprocessing = 0;
		};
		52A5CE322BA6D65C00F2CFE7 /* Resources */ = {
			isa = PBXResourcesBuildPhase;
			buildActionMask = 2147483647;
			files = (
			);
			runOnlyForDeploymentPostprocessing = 0;
		};
/* End PBXResourcesBuildPhase section */

/* Begin PBXSourcesBuildPhase section */
		52A5CE1A2BA6D65A00F2CFE7 /* Sources */ = {
			isa = PBXSourcesBuildPhase;
			buildActionMask = 2147483647;
			files = (
				52A5CEBD2BAB715800F2CFE7 /* TransforUseCase.swift in Sources */,
				52A5CE7B2BA7800500F2CFE7 /* NetworkLogin.swift in Sources */,
				52A5CE922BA900D000F2CFE7 /* HerosRepositoryProtocol.swift in Sources */,
				52A5CE942BA9019200F2CFE7 /* NetworkHeros.swift in Sources */,
				52A5CE7D2BA8BD0700F2CFE7 /* LoginRepository.swift in Sources */,
				52A5CE9B2BAA1BE100F2CFE7 /* HerosViewModel.swift in Sources */,
				52A5CE772BA77CB000F2CFE7 /* HTTPMethods.swift in Sources */,
				52A5CE6E2BA7743500F2CFE7 /*  LoginUseCase.swift in Sources */,
				52A5CE632BA6E7DE00F2CFE7 /* LoginViewController.swift in Sources */,
				52A5CEC82BAB771400F2CFE7 /* TransforTableViewCell.swift in Sources */,
				52A5CE222BA6D65A00F2CFE7 /* AppDelegate.swift in Sources */,
				52A5CE962BAA162C00F2CFE7 /* HerosRepository.swift in Sources */,
				52A5CE8A2BA8D02E00F2CFE7 /* ErrorViewController.swift in Sources */,
				52A5CEDA2BACE3C200F2CFE7 /* TransforViewController.swift in Sources */,
				52A5CE992BAA1A5600F2CFE7 /* HeroUseCase.swift in Sources */,
				52A5CEA62BAA286900F2CFE7 /*  UIImageView+extension.swift in Sources */,
				52A5CEB72BAB3B1B00F2CFE7 /* TransforRepositoryProtocol.swift in Sources */,
				52A5CE702BA77B2B00F2CFE7 /* LoginRepositoryProtocol.swift in Sources */,
				52A5CE792BA77F4600F2CFE7 /* ConstantsApp.swift in Sources */,
				52A5CE6C2BA76EDD00F2CFE7 /* AppState.swift in Sources */,
				52A5CED62BACC6BC00F2CFE7 /* HeroViewController.swift in Sources */,
				52A5CED22BACC5E800F2CFE7 /* CellCustomCollectionViewCell.swift in Sources */,
				52A5CEBB2BAB6FD600F2CFE7 /* TransforRepository.swift in Sources */,
				52A5CEBF2BAB732200F2CFE7 /* TransforViewModel.swift in Sources */,
				52A5CEB92BAB69E200F2CFE7 /* NetworkTransfor.swift in Sources */,
				52A5CE662BA6E9C300F2CFE7 /* LoginView.swift in Sources */,
				52A5CE752BA77C5100F2CFE7 /* HTTPResponseCodes.swift in Sources */,
				52A5CEB52BAB39E400F2CFE7 /* TransformationModel.swift in Sources */,
				52A5CE902BA9001600F2CFE7 /* HerosModel.swift in Sources */,
				52A5CE732BA77C1E00F2CFE7 /* Endpoints.swift in Sources */,
				52A5CE242BA6D65A00F2CFE7 /* SceneDelegate.swift in Sources */,
			);
			runOnlyForDeploymentPostprocessing = 0;
		};
		52A5CE302BA6D65C00F2CFE7 /* Sources */ = {
			isa = PBXSourcesBuildPhase;
			buildActionMask = 2147483647;
			files = (
				52A5CE392BA6D65C00F2CFE7 /* AppAsincronismoDiegoTests.swift in Sources */,
			);
			runOnlyForDeploymentPostprocessing = 0;
		};
/* End PBXSourcesBuildPhase section */

/* Begin PBXTargetDependency section */
		52A5CE362BA6D65C00F2CFE7 /* PBXTargetDependency */ = {
			isa = PBXTargetDependency;
			target = 52A5CE1D2BA6D65A00F2CFE7 /* AppAsincronismoDiego */;
			targetProxy = 52A5CE352BA6D65C00F2CFE7 /* PBXContainerItemProxy */;
		};
/* End PBXTargetDependency section */

/* Begin PBXVariantGroup section */
		52A5CE2C2BA6D65C00F2CFE7 /* LaunchScreen.storyboard */ = {
			isa = PBXVariantGroup;
			children = (
				52A5CE2D2BA6D65C00F2CFE7 /* Base */,
				52A5CE8C2BA8D5A900F2CFE7 /* es */,
			);
			name = LaunchScreen.storyboard;
			sourceTree = "<group>";
		};
/* End PBXVariantGroup section */

/* Begin XCBuildConfiguration section */
		52A5CE462BA6D65C00F2CFE7 /* Debug */ = {
			isa = XCBuildConfiguration;
			buildSettings = {
				ALWAYS_SEARCH_USER_PATHS = NO;
				ASSETCATALOG_COMPILER_GENERATE_SWIFT_ASSET_SYMBOL_EXTENSIONS = YES;
				CLANG_ANALYZER_LOCALIZABILITY_NONLOCALIZED = YES;
				CLANG_ANALYZER_NONNULL = YES;
				CLANG_ANALYZER_NUMBER_OBJECT_CONVERSION = YES_AGGRESSIVE;
				CLANG_CXX_LANGUAGE_STANDARD = "gnu++20";
				CLANG_ENABLE_MODULES = YES;
				CLANG_ENABLE_OBJC_ARC = YES;
				CLANG_ENABLE_OBJC_WEAK = YES;
				CLANG_WARN_BLOCK_CAPTURE_AUTORELEASING = YES;
				CLANG_WARN_BOOL_CONVERSION = YES;
				CLANG_WARN_COMMA = YES;
				CLANG_WARN_CONSTANT_CONVERSION = YES;
				CLANG_WARN_DEPRECATED_OBJC_IMPLEMENTATIONS = YES;
				CLANG_WARN_DIRECT_OBJC_ISA_USAGE = YES_ERROR;
				CLANG_WARN_DOCUMENTATION_COMMENTS = YES;
				CLANG_WARN_EMPTY_BODY = YES;
				CLANG_WARN_ENUM_CONVERSION = YES;
				CLANG_WARN_INFINITE_RECURSION = YES;
				CLANG_WARN_INT_CONVERSION = YES;
				CLANG_WARN_NON_LITERAL_NULL_CONVERSION = YES;
				CLANG_WARN_OBJC_IMPLICIT_RETAIN_SELF = YES;
				CLANG_WARN_OBJC_LITERAL_CONVERSION = YES;
				CLANG_WARN_OBJC_ROOT_CLASS = YES_ERROR;
				CLANG_WARN_QUOTED_INCLUDE_IN_FRAMEWORK_HEADER = YES;
				CLANG_WARN_RANGE_LOOP_ANALYSIS = YES;
				CLANG_WARN_STRICT_PROTOTYPES = YES;
				CLANG_WARN_SUSPICIOUS_MOVE = YES;
				CLANG_WARN_UNGUARDED_AVAILABILITY = YES_AGGRESSIVE;
				CLANG_WARN_UNREACHABLE_CODE = YES;
				CLANG_WARN__DUPLICATE_METHOD_MATCH = YES;
				COPY_PHASE_STRIP = NO;
				DEBUG_INFORMATION_FORMAT = dwarf;
				ENABLE_STRICT_OBJC_MSGSEND = YES;
				ENABLE_TESTABILITY = YES;
				ENABLE_USER_SCRIPT_SANDBOXING = YES;
				GCC_C_LANGUAGE_STANDARD = gnu17;
				GCC_DYNAMIC_NO_PIC = NO;
				GCC_NO_COMMON_BLOCKS = YES;
				GCC_OPTIMIZATION_LEVEL = 0;
				GCC_PREPROCESSOR_DEFINITIONS = (
					"DEBUG=1",
					"$(inherited)",
				);
				GCC_WARN_64_TO_32_BIT_CONVERSION = YES;
				GCC_WARN_ABOUT_RETURN_TYPE = YES_ERROR;
				GCC_WARN_UNDECLARED_SELECTOR = YES;
				GCC_WARN_UNINITIALIZED_AUTOS = YES_AGGRESSIVE;
				GCC_WARN_UNUSED_FUNCTION = YES;
				GCC_WARN_UNUSED_VARIABLE = YES;
				IPHONEOS_DEPLOYMENT_TARGET = 17.2;
				LOCALIZATION_PREFERS_STRING_CATALOGS = YES;
				MTL_ENABLE_DEBUG_INFO = INCLUDE_SOURCE;
				MTL_FAST_MATH = YES;
				ONLY_ACTIVE_ARCH = YES;
				SDKROOT = iphoneos;
				SWIFT_ACTIVE_COMPILATION_CONDITIONS = "DEBUG $(inherited)";
				SWIFT_OPTIMIZATION_LEVEL = "-Onone";
			};
			name = Debug;
		};
		52A5CE472BA6D65C00F2CFE7 /* Release */ = {
			isa = XCBuildConfiguration;
			buildSettings = {
				ALWAYS_SEARCH_USER_PATHS = NO;
				ASSETCATALOG_COMPILER_GENERATE_SWIFT_ASSET_SYMBOL_EXTENSIONS = YES;
				CLANG_ANALYZER_LOCALIZABILITY_NONLOCALIZED = YES;
				CLANG_ANALYZER_NONNULL = YES;
				CLANG_ANALYZER_NUMBER_OBJECT_CONVERSION = YES_AGGRESSIVE;
				CLANG_CXX_LANGUAGE_STANDARD = "gnu++20";
				CLANG_ENABLE_MODULES = YES;
				CLANG_ENABLE_OBJC_ARC = YES;
				CLANG_ENABLE_OBJC_WEAK = YES;
				CLANG_WARN_BLOCK_CAPTURE_AUTORELEASING = YES;
				CLANG_WARN_BOOL_CONVERSION = YES;
				CLANG_WARN_COMMA = YES;
				CLANG_WARN_CONSTANT_CONVERSION = YES;
				CLANG_WARN_DEPRECATED_OBJC_IMPLEMENTATIONS = YES;
				CLANG_WARN_DIRECT_OBJC_ISA_USAGE = YES_ERROR;
				CLANG_WARN_DOCUMENTATION_COMMENTS = YES;
				CLANG_WARN_EMPTY_BODY = YES;
				CLANG_WARN_ENUM_CONVERSION = YES;
				CLANG_WARN_INFINITE_RECURSION = YES;
				CLANG_WARN_INT_CONVERSION = YES;
				CLANG_WARN_NON_LITERAL_NULL_CONVERSION = YES;
				CLANG_WARN_OBJC_IMPLICIT_RETAIN_SELF = YES;
				CLANG_WARN_OBJC_LITERAL_CONVERSION = YES;
				CLANG_WARN_OBJC_ROOT_CLASS = YES_ERROR;
				CLANG_WARN_QUOTED_INCLUDE_IN_FRAMEWORK_HEADER = YES;
				CLANG_WARN_RANGE_LOOP_ANALYSIS = YES;
				CLANG_WARN_STRICT_PROTOTYPES = YES;
				CLANG_WARN_SUSPICIOUS_MOVE = YES;
				CLANG_WARN_UNGUARDED_AVAILABILITY = YES_AGGRESSIVE;
				CLANG_WARN_UNREACHABLE_CODE = YES;
				CLANG_WARN__DUPLICATE_METHOD_MATCH = YES;
				COPY_PHASE_STRIP = NO;
				DEBUG_INFORMATION_FORMAT = "dwarf-with-dsym";
				ENABLE_NS_ASSERTIONS = NO;
				ENABLE_STRICT_OBJC_MSGSEND = YES;
				ENABLE_USER_SCRIPT_SANDBOXING = YES;
				GCC_C_LANGUAGE_STANDARD = gnu17;
				GCC_NO_COMMON_BLOCKS = YES;
				GCC_WARN_64_TO_32_BIT_CONVERSION = YES;
				GCC_WARN_ABOUT_RETURN_TYPE = YES_ERROR;
				GCC_WARN_UNDECLARED_SELECTOR = YES;
				GCC_WARN_UNINITIALIZED_AUTOS = YES_AGGRESSIVE;
				GCC_WARN_UNUSED_FUNCTION = YES;
				GCC_WARN_UNUSED_VARIABLE = YES;
				IPHONEOS_DEPLOYMENT_TARGET = 17.2;
				LOCALIZATION_PREFERS_STRING_CATALOGS = YES;
				MTL_ENABLE_DEBUG_INFO = NO;
				MTL_FAST_MATH = YES;
				SDKROOT = iphoneos;
				SWIFT_COMPILATION_MODE = wholemodule;
				VALIDATE_PRODUCT = YES;
			};
			name = Release;
		};
		52A5CE492BA6D65C00F2CFE7 /* Debug */ = {
			isa = XCBuildConfiguration;
			buildSettings = {
				ASSETCATALOG_COMPILER_APPICON_NAME = AppIcon;
				ASSETCATALOG_COMPILER_GLOBAL_ACCENT_COLOR_NAME = AccentColor;
				CODE_SIGN_STYLE = Automatic;
				CURRENT_PROJECT_VERSION = 1;
				GENERATE_INFOPLIST_FILE = YES;
				INFOPLIST_FILE = AppAsincronismoDiego/Info.plist;
				INFOPLIST_KEY_CFBundleDisplayName = AppAsincronismo;
				INFOPLIST_KEY_UIApplicationSupportsIndirectInputEvents = YES;
				INFOPLIST_KEY_UILaunchStoryboardName = LaunchScreen.storyboard;
				INFOPLIST_KEY_UISupportedInterfaceOrientations_iPad = "UIInterfaceOrientationPortrait UIInterfaceOrientationPortraitUpsideDown UIInterfaceOrientationLandscapeLeft UIInterfaceOrientationLandscapeRight";
				INFOPLIST_KEY_UISupportedInterfaceOrientations_iPhone = "UIInterfaceOrientationPortrait UIInterfaceOrientationLandscapeLeft UIInterfaceOrientationLandscapeRight";
				LD_RUNPATH_SEARCH_PATHS = (
					"$(inherited)",
					"@executable_path/Frameworks",
				);
				MARKETING_VERSION = 1.0;
				PRODUCT_BUNDLE_IDENTIFIER = d.a.o.AppAsincronismoDiego;
				PRODUCT_NAME = "$(TARGET_NAME)";
				SWIFT_EMIT_LOC_STRINGS = YES;
				SWIFT_VERSION = 5.0;
				TARGETED_DEVICE_FAMILY = "1,2";
			};
			name = Debug;
		};
		52A5CE4A2BA6D65C00F2CFE7 /* Release */ = {
			isa = XCBuildConfiguration;
			buildSettings = {
				ASSETCATALOG_COMPILER_APPICON_NAME = AppIcon;
				ASSETCATALOG_COMPILER_GLOBAL_ACCENT_COLOR_NAME = AccentColor;
				CODE_SIGN_STYLE = Automatic;
				CURRENT_PROJECT_VERSION = 1;
				GENERATE_INFOPLIST_FILE = YES;
				INFOPLIST_FILE = AppAsincronismoDiego/Info.plist;
				INFOPLIST_KEY_CFBundleDisplayName = AppAsincronismo;
				INFOPLIST_KEY_UIApplicationSupportsIndirectInputEvents = YES;
				INFOPLIST_KEY_UILaunchStoryboardName = LaunchScreen.storyboard;
				INFOPLIST_KEY_UISupportedInterfaceOrientations_iPad = "UIInterfaceOrientationPortrait UIInterfaceOrientationPortraitUpsideDown UIInterfaceOrientationLandscapeLeft UIInterfaceOrientationLandscapeRight";
				INFOPLIST_KEY_UISupportedInterfaceOrientations_iPhone = "UIInterfaceOrientationPortrait UIInterfaceOrientationLandscapeLeft UIInterfaceOrientationLandscapeRight";
				LD_RUNPATH_SEARCH_PATHS = (
					"$(inherited)",
					"@executable_path/Frameworks",
				);
				MARKETING_VERSION = 1.0;
				PRODUCT_BUNDLE_IDENTIFIER = d.a.o.AppAsincronismoDiego;
				PRODUCT_NAME = "$(TARGET_NAME)";
				SWIFT_EMIT_LOC_STRINGS = YES;
				SWIFT_VERSION = 5.0;
				TARGETED_DEVICE_FAMILY = "1,2";
			};
			name = Release;
		};
		52A5CE4C2BA6D65C00F2CFE7 /* Debug */ = {
			isa = XCBuildConfiguration;
			buildSettings = {
				ALWAYS_EMBED_SWIFT_STANDARD_LIBRARIES = YES;
				BUNDLE_LOADER = "$(TEST_HOST)";
				CODE_SIGN_STYLE = Automatic;
				CURRENT_PROJECT_VERSION = 1;
				GENERATE_INFOPLIST_FILE = YES;
				IPHONEOS_DEPLOYMENT_TARGET = 17.2;
				MARKETING_VERSION = 1.0;
				PRODUCT_BUNDLE_IDENTIFIER = d.a.o.AppAsincronismoDiegoTests;
				PRODUCT_NAME = "$(TARGET_NAME)";
				SWIFT_EMIT_LOC_STRINGS = NO;
				SWIFT_VERSION = 5.0;
				TARGETED_DEVICE_FAMILY = "1,2";
				TEST_HOST = "$(BUILT_PRODUCTS_DIR)/AppAsincronismoDiego.app/$(BUNDLE_EXECUTABLE_FOLDER_PATH)/AppAsincronismoDiego";
			};
			name = Debug;
		};
		52A5CE4D2BA6D65C00F2CFE7 /* Release */ = {
			isa = XCBuildConfiguration;
			buildSettings = {
				ALWAYS_EMBED_SWIFT_STANDARD_LIBRARIES = YES;
				BUNDLE_LOADER = "$(TEST_HOST)";
				CODE_SIGN_STYLE = Automatic;
				CURRENT_PROJECT_VERSION = 1;
				GENERATE_INFOPLIST_FILE = YES;
				IPHONEOS_DEPLOYMENT_TARGET = 17.2;
				MARKETING_VERSION = 1.0;
				PRODUCT_BUNDLE_IDENTIFIER = d.a.o.AppAsincronismoDiegoTests;
				PRODUCT_NAME = "$(TARGET_NAME)";
				SWIFT_EMIT_LOC_STRINGS = NO;
				SWIFT_VERSION = 5.0;
				TARGETED_DEVICE_FAMILY = "1,2";
				TEST_HOST = "$(BUILT_PRODUCTS_DIR)/AppAsincronismoDiego.app/$(BUNDLE_EXECUTABLE_FOLDER_PATH)/AppAsincronismoDiego";
			};
			name = Release;
		};
/* End XCBuildConfiguration section */

/* Begin XCConfigurationList section */
		52A5CE192BA6D65A00F2CFE7 /* Build configuration list for PBXProject "AppAsincronismoDiego" */ = {
			isa = XCConfigurationList;
			buildConfigurations = (
				52A5CE462BA6D65C00F2CFE7 /* Debug */,
				52A5CE472BA6D65C00F2CFE7 /* Release */,
			);
			defaultConfigurationIsVisible = 0;
			defaultConfigurationName = Release;
		};
		52A5CE482BA6D65C00F2CFE7 /* Build configuration list for PBXNativeTarget "AppAsincronismoDiego" */ = {
			isa = XCConfigurationList;
			buildConfigurations = (
				52A5CE492BA6D65C00F2CFE7 /* Debug */,
				52A5CE4A2BA6D65C00F2CFE7 /* Release */,
			);
			defaultConfigurationIsVisible = 0;
			defaultConfigurationName = Release;
		};
		52A5CE4B2BA6D65C00F2CFE7 /* Build configuration list for PBXNativeTarget "AppAsincronismoDiegoTests" */ = {
			isa = XCConfigurationList;
			buildConfigurations = (
				52A5CE4C2BA6D65C00F2CFE7 /* Debug */,
				52A5CE4D2BA6D65C00F2CFE7 /* Release */,
			);
			defaultConfigurationIsVisible = 0;
			defaultConfigurationName = Release;
		};
/* End XCConfigurationList section */

/* Begin XCRemoteSwiftPackageReference section */
		52A5CE7E2BA8BF4500F2CFE7 /* XCRemoteSwiftPackageReference "KcLibraryswift" */ = {
			isa = XCRemoteSwiftPackageReference;
			repositoryURL = "https://github.com/joselbe1976/KcLibraryswift";
			requirement = {
				kind = upToNextMajorVersion;
				minimumVersion = 0.0.2;
			};
		};
		52A5CE812BA8C73D00F2CFE7 /* XCRemoteSwiftPackageReference "CombineCocoa" */ = {
			isa = XCRemoteSwiftPackageReference;
			repositoryURL = "https://github.com/CombineCommunity/CombineCocoa.git";
			requirement = {
				kind = upToNextMajorVersion;
				minimumVersion = 0.4.1;
			};
		};
/* End XCRemoteSwiftPackageReference section */

/* Begin XCSwiftPackageProductDependency section */
		52A5CE7F2BA8BF4500F2CFE7 /* KcLibraryswift */ = {
			isa = XCSwiftPackageProductDependency;
			package = 52A5CE7E2BA8BF4500F2CFE7 /* XCRemoteSwiftPackageReference "KcLibraryswift" */;
			productName = KcLibraryswift;
		};
		52A5CE822BA8C73D00F2CFE7 /* CombineCocoa */ = {
			isa = XCSwiftPackageProductDependency;
			package = 52A5CE812BA8C73D00F2CFE7 /* XCRemoteSwiftPackageReference "CombineCocoa" */;
			productName = CombineCocoa;
		};
/* End XCSwiftPackageProductDependency section */
	};
	rootObject = 52A5CE162BA6D65A00F2CFE7 /* Project object */;
}
